
Microsoft Visual Studio Solution File, Format Version 12.00
# Visual Studio 15
VisualStudioVersion = 15.0.28010.2019
MinimumVisualStudioVersion = 10.0.40219.1
Project("{FAE04EC0-301F-11D3-BF4B-00C04F79EFBC}") = "CSHW82", "CSHW82\CSHW82.csproj", "{497BA44A-99C4-422D-B0FD-45EAB081E701}"
EndProject
Project("{FAE04EC0-301F-11D3-BF4B-00C04F79EFBC}") = "CSHW7T", "CSHW7T\CSHW7T.csproj", "{0C56D9A2-663D-4A26-9B7D-2DE1493272F7}"
EndProject
Project("{FAE04EC0-301F-11D3-BF4B-00C04F79EFBC}") = "CSHW8P2", "CSHW8P2\CSHW8P2.csproj", "{231F3170-180A-4E10-8553-68AE9738830F}"
EndProject
Global
	GlobalSection(SolutionConfigurationPlatforms) = preSolution
		Debug|Any CPU = Debug|Any CPU
		Release|Any CPU = Release|Any CPU
	EndGlobalSection
	GlobalSection(ProjectConfigurationPlatforms) = postSolution
		{497BA44A-99C4-422D-B0FD-45EAB081E701}.Debug|Any CPU.ActiveCfg = Debug|Any CPU
		{497BA44A-99C4-422D-B0FD-45EAB081E701}.Debug|Any CPU.Build.0 = Debug|Any CPU
		{497BA44A-99C4-422D-B0FD-45EAB081E701}.Release|Any CPU.ActiveCfg = Release|Any CPU
		{497BA44A-99C4-422D-B0FD-45EAB081E701}.Release|Any CPU.Build.0 = Release|Any CPU
		{0C56D9A2-663D-4A26-9B7D-2DE1493272F7}.Debug|Any CPU.ActiveCfg = Debug|Any CPU
		{0C56D9A2-663D-4A26-9B7D-2DE1493272F7}.Debug|Any CPU.Build.0 = Debug|Any CPU
		{0C56D9A2-663D-4A26-9B7D-2DE1493272F7}.Release|Any CPU.ActiveCfg = Release|Any CPU
		{0C56D9A2-663D-4A26-9B7D-2DE1493272F7}.Release|Any CPU.Build.0 = Release|Any CPU
		{231F3170-180A-4E10-8553-68AE9738830F}.Debug|Any CPU.ActiveCfg = Debug|Any CPU
		{231F3170-180A-4E10-8553-68AE9738830F}.Debug|Any CPU.Build.0 = Debug|Any CPU
		{231F3170-180A-4E10-8553-68AE9738830F}.Release|Any CPU.ActiveCfg = Release|Any CPU
		{231F3170-180A-4E10-8553-68AE9738830F}.Release|Any CPU.Build.0 = Release|Any CPU
	EndGlobalSection
	GlobalSection(SolutionProperties) = preSolution
		HideSolutionNode = FALSE
	EndGlobalSection
	GlobalSection(ExtensibilityGlobals) = postSolution
		SolutionGuid = {38930387-9440-44E8-B62D-E87119DCDF0C}
	EndGlobalSection
EndGlobal
